// !$*UTF8*$!
{
	archiveVersion = 1;
	classes = {
	};
	objectVersion = 50;
	objects = {

/* Begin PBXBuildFile section */
		A00233E122DBD53C00227A02 /* ScreamsViewController.swift in Sources */ = {isa = PBXBuildFile; fileRef = A00233E022DBD53C00227A02 /* ScreamsViewController.swift */; };
		A0335ABF22D7A75000233568 /* AppDelegate.swift in Sources */ = {isa = PBXBuildFile; fileRef = A0335ABE22D7A75000233568 /* AppDelegate.swift */; };
		A0335AC122D7A75000233568 /* LoginController.swift in Sources */ = {isa = PBXBuildFile; fileRef = A0335AC022D7A75000233568 /* LoginController.swift */; };
		A0335AC422D7A75100233568 /* Main.storyboard in Resources */ = {isa = PBXBuildFile; fileRef = A0335AC222D7A75100233568 /* Main.storyboard */; };
		A0335AC722D7A75100233568 /* zinsp.xcdatamodeld in Sources */ = {isa = PBXBuildFile; fileRef = A0335AC522D7A75100233568 /* zinsp.xcdatamodeld */; };
		A0335AC922D7A7A000233568 /* Assets.xcassets in Resources */ = {isa = PBXBuildFile; fileRef = A0335AC822D7A7A000233568 /* Assets.xcassets */; };
		A0335ACC22D7A7A000233568 /* LaunchScreen.storyboard in Resources */ = {isa = PBXBuildFile; fileRef = A0335ACA22D7A7A000233568 /* LaunchScreen.storyboard */; };
		A0335AD722D7A7A200233568 /* zinspTests.swift in Sources */ = {isa = PBXBuildFile; fileRef = A0335AD622D7A7A200233568 /* zinspTests.swift */; };
		A06A1EFA22DC29C50088C6C9 /* Scream.swift in Sources */ = {isa = PBXBuildFile; fileRef = A06A1EF922DC29C50088C6C9 /* Scream.swift */; };
		A06A1EFD22DC2C300088C6C9 /* ScreamTableViewCell.swift in Sources */ = {isa = PBXBuildFile; fileRef = A06A1EFC22DC2C300088C6C9 /* ScreamTableViewCell.swift */; };
		A07408E522DB91DF00D20FF7 /* ScreamNavBar.swift in Sources */ = {isa = PBXBuildFile; fileRef = A07408E422DB91DF00D20FF7 /* ScreamNavBar.swift */; };
/* End PBXBuildFile section */

/* Begin PBXContainerItemProxy section */
		A0335AD322D7A7A200233568 /* PBXContainerItemProxy */ = {
			isa = PBXContainerItemProxy;
			containerPortal = A0335AB322D7A74F00233568 /* Project object */;
			proxyType = 1;
			remoteGlobalIDString = A0335ABA22D7A74F00233568;
			remoteInfo = zinsp;
		};
/* End PBXContainerItemProxy section */

/* Begin PBXFileReference section */
		A00233E022DBD53C00227A02 /* ScreamsViewController.swift */ = {isa = PBXFileReference; lastKnownFileType = sourcecode.swift; path = ScreamsViewController.swift; sourceTree = "<group>"; };
		A0335ABB22D7A75000233568 /* zinsp.app */ = {isa = PBXFileReference; explicitFileType = wrapper.application; includeInIndex = 0; path = zinsp.app; sourceTree = BUILT_PRODUCTS_DIR; };
		A0335ABE22D7A75000233568 /* AppDelegate.swift */ = {isa = PBXFileReference; lastKnownFileType = sourcecode.swift; path = AppDelegate.swift; sourceTree = "<group>"; };
		A0335AC022D7A75000233568 /* LoginController.swift */ = {isa = PBXFileReference; lastKnownFileType = sourcecode.swift; path = LoginController.swift; sourceTree = "<group>"; };
		A0335AC322D7A75100233568 /* Base */ = {isa = PBXFileReference; lastKnownFileType = file.storyboard; name = Base; path = Base.lproj/Main.storyboard; sourceTree = "<group>"; };
		A0335AC622D7A75100233568 /* zinsp.xcdatamodel */ = {isa = PBXFileReference; lastKnownFileType = wrapper.xcdatamodel; path = zinsp.xcdatamodel; sourceTree = "<group>"; };
		A0335AC822D7A7A000233568 /* Assets.xcassets */ = {isa = PBXFileReference; lastKnownFileType = folder.assetcatalog; path = Assets.xcassets; sourceTree = "<group>"; };
		A0335ACB22D7A7A000233568 /* Base */ = {isa = PBXFileReference; lastKnownFileType = file.storyboard; name = Base; path = Base.lproj/LaunchScreen.storyboard; sourceTree = "<group>"; };
		A0335ACD22D7A7A000233568 /* Info.plist */ = {isa = PBXFileReference; lastKnownFileType = text.plist.xml; path = Info.plist; sourceTree = "<group>"; };
		A0335AD222D7A7A200233568 /* zinspTests.xctest */ = {isa = PBXFileReference; explicitFileType = wrapper.cfbundle; includeInIndex = 0; path = zinspTests.xctest; sourceTree = BUILT_PRODUCTS_DIR; };
		A0335AD622D7A7A200233568 /* zinspTests.swift */ = {isa = PBXFileReference; lastKnownFileType = sourcecode.swift; path = zinspTests.swift; sourceTree = "<group>"; };
		A0335AD822D7A7A200233568 /* Info.plist */ = {isa = PBXFileReference; lastKnownFileType = text.plist.xml; path = Info.plist; sourceTree = "<group>"; };
		A06A1EF922DC29C50088C6C9 /* Scream.swift */ = {isa = PBXFileReference; lastKnownFileType = sourcecode.swift; name = Scream.swift; path = zinsp/Models/Scream.swift; sourceTree = "<group>"; };
		A06A1EFC22DC2C300088C6C9 /* ScreamTableViewCell.swift */ = {isa = PBXFileReference; lastKnownFileType = sourcecode.swift; path = ScreamTableViewCell.swift; sourceTree = "<group>"; };
		A07408E422DB91DF00D20FF7 /* ScreamNavBar.swift */ = {isa = PBXFileReference; lastKnownFileType = sourcecode.swift; path = ScreamNavBar.swift; sourceTree = "<group>"; };
/* End PBXFileReference section */

/* Begin PBXFrameworksBuildPhase section */
		A0335AB822D7A74F00233568 /* Frameworks */ = {
			isa = PBXFrameworksBuildPhase;
			buildActionMask = 2147483647;
			files = (
			);
			runOnlyForDeploymentPostprocessing = 0;
		};
		A0335ACF22D7A7A200233568 /* Frameworks */ = {
			isa = PBXFrameworksBuildPhase;
			buildActionMask = 2147483647;
			files = (
			);
			runOnlyForDeploymentPostprocessing = 0;
		};
/* End PBXFrameworksBuildPhase section */

/* Begin PBXGroup section */
		A00233E222DC274800227A02 /* Models */ = {
			isa = PBXGroup;
			children = (
			);
			path = Models;
			sourceTree = "<group>";
		};
		A00B270522DBAF6E005DC934 /* Views */ = {
			isa = PBXGroup;
			children = (
				A06A1EFB22DC2B710088C6C9 /* Screams */,
			);
			path = Views;
			sourceTree = "<group>";
		};
		A00B270622DBAF80005DC934 /* Profile */ = {
			isa = PBXGroup;
			children = (
			);
			path = Profile;
			sourceTree = "<group>";
		};
		A0335AB222D7A74E00233568 = {
			isa = PBXGroup;
			children = (
				A06A1EF922DC29C50088C6C9 /* Scream.swift */,
				A0335ABD22D7A75000233568 /* zinsp */,
				A0335AD522D7A7A200233568 /* zinspTests */,
				A0335ABC22D7A75000233568 /* Products */,
			);
			sourceTree = "<group>";
		};
		A0335ABC22D7A75000233568 /* Products */ = {
			isa = PBXGroup;
			children = (
				A0335ABB22D7A75000233568 /* zinsp.app */,
				A0335AD222D7A7A200233568 /* zinspTests.xctest */,
			);
			name = Products;
			sourceTree = "<group>";
		};
		A0335ABD22D7A75000233568 /* zinsp */ = {
			isa = PBXGroup;
			children = (
				A00233E222DC274800227A02 /* Models */,
				A00B270522DBAF6E005DC934 /* Views */,
				A0335AE122D82CC700233568 /* Controllers */,
				A0335ABE22D7A75000233568 /* AppDelegate.swift */,
				A0335AC222D7A75100233568 /* Main.storyboard */,
				A0335AC822D7A7A000233568 /* Assets.xcassets */,
				A0335ACA22D7A7A000233568 /* LaunchScreen.storyboard */,
				A0335ACD22D7A7A000233568 /* Info.plist */,
				A0335AC522D7A75100233568 /* zinsp.xcdatamodeld */,
			);
			path = zinsp;
			sourceTree = "<group>";
		};
		A0335AD522D7A7A200233568 /* zinspTests */ = {
			isa = PBXGroup;
			children = (
				A0335AD622D7A7A200233568 /* zinspTests.swift */,
				A0335AD822D7A7A200233568 /* Info.plist */,
			);
			path = zinspTests;
			sourceTree = "<group>";
		};
		A0335AE122D82CC700233568 /* Controllers */ = {
			isa = PBXGroup;
			children = (
				A00B270622DBAF80005DC934 /* Profile */,
				A03E3A1222DB90F2001B30B6 /* Screams */,
				A0D47B8822DB8EE700008C43 /* Login */,
			);
			path = Controllers;
			sourceTree = "<group>";
		};
		A03E3A1222DB90F2001B30B6 /* Screams */ = {
			isa = PBXGroup;
			children = (
				A07408E422DB91DF00D20FF7 /* ScreamNavBar.swift */,
				A00233E022DBD53C00227A02 /* ScreamsViewController.swift */,
			);
			path = Screams;
			sourceTree = "<group>";
		};
		A06A1EFB22DC2B710088C6C9 /* Screams */ = {
			isa = PBXGroup;
			children = (
				A06A1EFC22DC2C300088C6C9 /* ScreamTableViewCell.swift */,
			);
			path = Screams;
			sourceTree = "<group>";
		};
		A0D47B8822DB8EE700008C43 /* Login */ = {
			isa = PBXGroup;
			children = (
				A0335AC022D7A75000233568 /* LoginController.swift */,
			);
			path = Login;
			sourceTree = "<group>";
		};
/* End PBXGroup section */

/* Begin PBXNativeTarget section */
		A0335ABA22D7A74F00233568 /* zinsp */ = {
			isa = PBXNativeTarget;
			buildConfigurationList = A0335ADB22D7A7A200233568 /* Build configuration list for PBXNativeTarget "zinsp" */;
			buildPhases = (
				A0335AB722D7A74F00233568 /* Sources */,
				A0335AB822D7A74F00233568 /* Frameworks */,
				A0335AB922D7A74F00233568 /* Resources */,
			);
			buildRules = (
			);
			dependencies = (
			);
			name = zinsp;
			productName = zinsp;
			productReference = A0335ABB22D7A75000233568 /* zinsp.app */;
			productType = "com.apple.product-type.application";
		};
		A0335AD122D7A7A200233568 /* zinspTests */ = {
			isa = PBXNativeTarget;
			buildConfigurationList = A0335ADE22D7A7A200233568 /* Build configuration list for PBXNativeTarget "zinspTests" */;
			buildPhases = (
				A0335ACE22D7A7A200233568 /* Sources */,
				A0335ACF22D7A7A200233568 /* Frameworks */,
				A0335AD022D7A7A200233568 /* Resources */,
			);
			buildRules = (
			);
			dependencies = (
				A0335AD422D7A7A200233568 /* PBXTargetDependency */,
			);
			name = zinspTests;
			productName = zinspTests;
			productReference = A0335AD222D7A7A200233568 /* zinspTests.xctest */;
			productType = "com.apple.product-type.bundle.unit-test";
		};
/* End PBXNativeTarget section */

/* Begin PBXProject section */
		A0335AB322D7A74F00233568 /* Project object */ = {
			isa = PBXProject;
			attributes = {
				LastSwiftUpdateCheck = 1020;
				LastUpgradeCheck = 1020;
				ORGANIZATIONNAME = "Lucas Portella";
				TargetAttributes = {
					A0335ABA22D7A74F00233568 = {
						CreatedOnToolsVersion = 10.2.1;
					};
					A0335AD122D7A7A200233568 = {
						CreatedOnToolsVersion = 10.2.1;
						TestTargetID = A0335ABA22D7A74F00233568;
					};
				};
			};
			buildConfigurationList = A0335AB622D7A74F00233568 /* Build configuration list for PBXProject "zinsp" */;
			compatibilityVersion = "Xcode 9.3";
			developmentRegion = en;
			hasScannedForEncodings = 0;
			knownRegions = (
				en,
				Base,
			);
			mainGroup = A0335AB222D7A74E00233568;
			productRefGroup = A0335ABC22D7A75000233568 /* Products */;
			projectDirPath = "";
			projectRoot = "";
			targets = (
				A0335ABA22D7A74F00233568 /* zinsp */,
				A0335AD122D7A7A200233568 /* zinspTests */,
			);
		};
/* End PBXProject section */

/* Begin PBXResourcesBuildPhase section */
		A0335AB922D7A74F00233568 /* Resources */ = {
			isa = PBXResourcesBuildPhase;
			buildActionMask = 2147483647;
			files = (
				A0335ACC22D7A7A000233568 /* LaunchScreen.storyboard in Resources */,
				A0335AC922D7A7A000233568 /* Assets.xcassets in Resources */,
				A0335AC422D7A75100233568 /* Main.storyboard in Resources */,
			);
			runOnlyForDeploymentPostprocessing = 0;
		};
		A0335AD022D7A7A200233568 /* Resources */ = {
			isa = PBXResourcesBuildPhase;
			buildActionMask = 2147483647;
			files = (
			);
			runOnlyForDeploymentPostprocessing = 0;
		};
/* End PBXResourcesBuildPhase section */

/* Begin PBXSourcesBuildPhase section */
		A0335AB722D7A74F00233568 /* Sources */ = {
			isa = PBXSourcesBuildPhase;
			buildActionMask = 2147483647;
			files = (
				A06A1EFA22DC29C50088C6C9 /* Scream.swift in Sources */,
				A07408E522DB91DF00D20FF7 /* ScreamNavBar.swift in Sources */,
				A00233E122DBD53C00227A02 /* ScreamsViewController.swift in Sources */,
				A0335AC122D7A75000233568 /* LoginController.swift in Sources */,
				A0335AC722D7A75100233568 /* zinsp.xcdatamodeld in Sources */,
				A0335ABF22D7A75000233568 /* AppDelegate.swift in Sources */,
				A06A1EFD22DC2C300088C6C9 /* ScreamTableViewCell.swift in Sources */,
			);
			runOnlyForDeploymentPostprocessing = 0;
		};
		A0335ACE22D7A7A200233568 /* Sources */ = {
			isa = PBXSourcesBuildPhase;
			buildActionMask = 2147483647;
			files = (
				A0335AD722D7A7A200233568 /* zinspTests.swift in Sources */,
			);
			runOnlyForDeploymentPostprocessing = 0;
		};
/* End PBXSourcesBuildPhase section */

/* Begin PBXTargetDependency section */
		A0335AD422D7A7A200233568 /* PBXTargetDependency */ = {
			isa = PBXTargetDependency;
			target = A0335ABA22D7A74F00233568 /* zinsp */;
			targetProxy = A0335AD322D7A7A200233568 /* PBXContainerItemProxy */;
		};
/* End PBXTargetDependency section */

/* Begin PBXVariantGroup section */
		A0335AC222D7A75100233568 /* Main.storyboard */ = {
			isa = PBXVariantGroup;
			children = (
				A0335AC322D7A75100233568 /* Base */,
			);
			name = Main.storyboard;
			sourceTree = "<group>";
		};
		A0335ACA22D7A7A000233568 /* LaunchScreen.storyboard */ = {
			isa = PBXVariantGroup;
			children = (
				A0335ACB22D7A7A000233568 /* Base */,
			);
			name = LaunchScreen.storyboard;
			sourceTree = "<group>";
		};
/* End PBXVariantGroup section */

/* Begin XCBuildConfiguration section */
		A0335AD922D7A7A200233568 /* Debug */ = {
			isa = XCBuildConfiguration;
			buildSettings = {
				ALWAYS_SEARCH_USER_PATHS = NO;
				CLANG_ANALYZER_NONNULL = YES;
				CLANG_ANALYZER_NUMBER_OBJECT_CONVERSION = YES_AGGRESSIVE;
				CLANG_CXX_LANGUAGE_STANDARD = "gnu++14";
				CLANG_CXX_LIBRARY = "libc++";
				CLANG_ENABLE_MODULES = YES;
				CLANG_ENABLE_OBJC_ARC = YES;
				CLANG_ENABLE_OBJC_WEAK = YES;
				CLANG_WARN_BLOCK_CAPTURE_AUTORELEASING = YES;
				CLANG_WARN_BOOL_CONVERSION = YES;
				CLANG_WARN_COMMA = YES;
				CLANG_WARN_CONSTANT_CONVERSION = YES;
				CLANG_WARN_DEPRECATED_OBJC_IMPLEMENTATIONS = YES;
				CLANG_WARN_DIRECT_OBJC_ISA_USAGE = YES_ERROR;
				CLANG_WARN_DOCUMENTATION_COMMENTS = YES;
				CLANG_WARN_EMPTY_BODY = YES;
				CLANG_WARN_ENUM_CONVERSION = YES;
				CLANG_WARN_INFINITE_RECURSION = YES;
				CLANG_WARN_INT_CONVERSION = YES;
				CLANG_WARN_NON_LITERAL_NULL_CONVERSION = YES;
				CLANG_WARN_OBJC_IMPLICIT_RETAIN_SELF = YES;
				CLANG_WARN_OBJC_LITERAL_CONVERSION = YES;
				CLANG_WARN_OBJC_ROOT_CLASS = YES_ERROR;
				CLANG_WARN_RANGE_LOOP_ANALYSIS = YES;
				CLANG_WARN_STRICT_PROTOTYPES = YES;
				CLANG_WARN_SUSPICIOUS_MOVE = YES;
				CLANG_WARN_UNGUARDED_AVAILABILITY = YES_AGGRESSIVE;
				CLANG_WARN_UNREACHABLE_CODE = YES;
				CLANG_WARN__DUPLICATE_METHOD_MATCH = YES;
				CODE_SIGN_IDENTITY = "iPhone Developer";
				COPY_PHASE_STRIP = NO;
				DEBUG_INFORMATION_FORMAT = dwarf;
				ENABLE_STRICT_OBJC_MSGSEND = YES;
				ENABLE_TESTABILITY = YES;
				GCC_C_LANGUAGE_STANDARD = gnu11;
				GCC_DYNAMIC_NO_PIC = NO;
				GCC_NO_COMMON_BLOCKS = YES;
				GCC_OPTIMIZATION_LEVEL = 0;
				GCC_PREPROCESSOR_DEFINITIONS = (
					"DEBUG=1",
					"$(inherited)",
				);
				GCC_WARN_64_TO_32_BIT_CONVERSION = YES;
				GCC_WARN_ABOUT_RETURN_TYPE = YES_ERROR;
				GCC_WARN_UNDECLARED_SELECTOR = YES;
				GCC_WARN_UNINITIALIZED_AUTOS = YES_AGGRESSIVE;
				GCC_WARN_UNUSED_FUNCTION = YES;
				GCC_WARN_UNUSED_VARIABLE = YES;
				IPHONEOS_DEPLOYMENT_TARGET = 12.2;
				MTL_ENABLE_DEBUG_INFO = INCLUDE_SOURCE;
				MTL_FAST_MATH = YES;
				ONLY_ACTIVE_ARCH = YES;
				SDKROOT = iphoneos;
				SWIFT_ACTIVE_COMPILATION_CONDITIONS = DEBUG;
				SWIFT_OPTIMIZATION_LEVEL = "-Onone";
			};
			name = Debug;
		};
		A0335ADA22D7A7A200233568 /* Release */ = {
			isa = XCBuildConfiguration;
			buildSettings = {
				ALWAYS_SEARCH_USER_PATHS = NO;
				CLANG_ANALYZER_NONNULL = YES;
				CLANG_ANALYZER_NUMBER_OBJECT_CONVERSION = YES_AGGRESSIVE;
				CLANG_CXX_LANGUAGE_STANDARD = "gnu++14";
				CLANG_CXX_LIBRARY = "libc++";
				CLANG_ENABLE_MODULES = YES;
				CLANG_ENABLE_OBJC_ARC = YES;
				CLANG_ENABLE_OBJC_WEAK = YES;
				CLANG_WARN_BLOCK_CAPTURE_AUTORELEASING = YES;
				CLANG_WARN_BOOL_CONVERSION = YES;
				CLANG_WARN_COMMA = YES;
				CLANG_WARN_CONSTANT_CONVERSION = YES;
				CLANG_WARN_DEPRECATED_OBJC_IMPLEMENTATIONS = YES;
				CLANG_WARN_DIRECT_OBJC_ISA_USAGE = YES_ERROR;
				CLANG_WARN_DOCUMENTATION_COMMENTS = YES;
				CLANG_WARN_EMPTY_BODY = YES;
				CLANG_WARN_ENUM_CONVERSION = YES;
				CLANG_WARN_INFINITE_RECURSION = YES;
				CLANG_WARN_INT_CONVERSION = YES;
				CLANG_WARN_NON_LITERAL_NULL_CONVERSION = YES;
				CLANG_WARN_OBJC_IMPLICIT_RETAIN_SELF = YES;
				CLANG_WARN_OBJC_LITERAL_CONVERSION = YES;
				CLANG_WARN_OBJC_ROOT_CLASS = YES_ERROR;
				CLANG_WARN_RANGE_LOOP_ANALYSIS = YES;
				CLANG_WARN_STRICT_PROTOTYPES = YES;
				CLANG_WARN_SUSPICIOUS_MOVE = YES;
				CLANG_WARN_UNGUARDED_AVAILABILITY = YES_AGGRESSIVE;
				CLANG_WARN_UNREACHABLE_CODE = YES;
				CLANG_WARN__DUPLICATE_METHOD_MATCH = YES;
				CODE_SIGN_IDENTITY = "iPhone Developer";
				COPY_PHASE_STRIP = NO;
				DEBUG_INFORMATION_FORMAT = "dwarf-with-dsym";
				ENABLE_NS_ASSERTIONS = NO;
				ENABLE_STRICT_OBJC_MSGSEND = YES;
				GCC_C_LANGUAGE_STANDARD = gnu11;
				GCC_NO_COMMON_BLOCKS = YES;
				GCC_WARN_64_TO_32_BIT_CONVERSION = YES;
				GCC_WARN_ABOUT_RETURN_TYPE = YES_ERROR;
				GCC_WARN_UNDECLARED_SELECTOR = YES;
				GCC_WARN_UNINITIALIZED_AUTOS = YES_AGGRESSIVE;
				GCC_WARN_UNUSED_FUNCTION = YES;
				GCC_WARN_UNUSED_VARIABLE = YES;
				IPHONEOS_DEPLOYMENT_TARGET = 12.2;
				MTL_ENABLE_DEBUG_INFO = NO;
				MTL_FAST_MATH = YES;
				SDKROOT = iphoneos;
				SWIFT_COMPILATION_MODE = wholemodule;
				SWIFT_OPTIMIZATION_LEVEL = "-O";
				VALIDATE_PRODUCT = YES;
			};
			name = Release;
		};
		A0335ADC22D7A7A200233568 /* Debug */ = {
			isa = XCBuildConfiguration;
			buildSettings = {
				ASSETCATALOG_COMPILER_APPICON_NAME = AppIcon;
				CODE_SIGN_IDENTITY = "iPhone Developer";
				CODE_SIGN_STYLE = Automatic;
				DEVELOPMENT_TEAM = C99MXG5L9J;
				INFOPLIST_FILE = zinsp/Info.plist;
				LD_RUNPATH_SEARCH_PATHS = (
					"$(inherited)",
					"@executable_path/Frameworks",
				);
				PRODUCT_BUNDLE_IDENTIFIER = com.br.zinsp;
				PRODUCT_NAME = "$(TARGET_NAME)";
				PROVISIONING_PROFILE_SPECIFIER = "";
				SWIFT_VERSION = 5.0;
				TARGETED_DEVICE_FAMILY = "1,2";
			};
			name = Debug;
		};
		A0335ADD22D7A7A200233568 /* Release */ = {
			isa = XCBuildConfiguration;
			buildSettings = {
				ASSETCATALOG_COMPILER_APPICON_NAME = AppIcon;
				CODE_SIGN_IDENTITY = "iPhone Developer";
				CODE_SIGN_STYLE = Automatic;
				DEVELOPMENT_TEAM = C99MXG5L9J;
				INFOPLIST_FILE = zinsp/Info.plist;
				LD_RUNPATH_SEARCH_PATHS = (
					"$(inherited)",
					"@executable_path/Frameworks",
				);
				PRODUCT_BUNDLE_IDENTIFIER = com.br.zinsp;
				PRODUCT_NAME = "$(TARGET_NAME)";
				PROVISIONING_PROFILE_SPECIFIER = "";
				SWIFT_VERSION = 5.0;
				TARGETED_DEVICE_FAMILY = "1,2";
			};
			name = Release;
		};
		A0335ADF22D7A7A200233568 /* Debug */ = {
			isa = XCBuildConfiguration;
			buildSettings = {
				ALWAYS_EMBED_SWIFT_STANDARD_LIBRARIES = YES;
				BUNDLE_LOADER = "$(TEST_HOST)";
				CODE_SIGN_STYLE = Automatic;
				INFOPLIST_FILE = zinspTests/Info.plist;
				LD_RUNPATH_SEARCH_PATHS = (
					"$(inherited)",
					"@executable_path/Frameworks",
					"@loader_path/Frameworks",
				);
				PRODUCT_BUNDLE_IDENTIFIER = com.br.zinspTests;
				PRODUCT_NAME = "$(TARGET_NAME)";
				SWIFT_VERSION = 5.0;
				TARGETED_DEVICE_FAMILY = "1,2";
				TEST_HOST = "$(BUILT_PRODUCTS_DIR)/zinsp.app/zinsp";
			};
			name = Debug;
		};
		A0335AE022D7A7A200233568 /* Release */ = {
			isa = XCBuildConfiguration;
			buildSettings = {
				ALWAYS_EMBED_SWIFT_STANDARD_LIBRARIES = YES;
				BUNDLE_LOADER = "$(TEST_HOST)";
				CODE_SIGN_STYLE = Automatic;
				INFOPLIST_FILE = zinspTests/Info.plist;
				LD_RUNPATH_SEARCH_PATHS = (
					"$(inherited)",
					"@executable_path/Frameworks",
					"@loader_path/Frameworks",
				);
				PRODUCT_BUNDLE_IDENTIFIER = com.br.zinspTests;
				PRODUCT_NAME = "$(TARGET_NAME)";
				SWIFT_VERSION = 5.0;
				TARGETED_DEVICE_FAMILY = "1,2";
				TEST_HOST = "$(BUILT_PRODUCTS_DIR)/zinsp.app/zinsp";
			};
			name = Release;
		};
/* End XCBuildConfiguration section */

/* Begin XCConfigurationList section */
		A0335AB622D7A74F00233568 /* Build configuration list for PBXProject "zinsp" */ = {
			isa = XCConfigurationList;
			buildConfigurations = (
				A0335AD922D7A7A200233568 /* Debug */,
				A0335ADA22D7A7A200233568 /* Release */,
			);
			defaultConfigurationIsVisible = 0;
			defaultConfigurationName = Release;
		};
		A0335ADB22D7A7A200233568 /* Build configuration list for PBXNativeTarget "zinsp" */ = {
			isa = XCConfigurationList;
			buildConfigurations = (
				A0335ADC22D7A7A200233568 /* Debug */,
				A0335ADD22D7A7A200233568 /* Release */,
			);
			defaultConfigurationIsVisible = 0;
			defaultConfigurationName = Release;
		};
		A0335ADE22D7A7A200233568 /* Build configuration list for PBXNativeTarget "zinspTests" */ = {
			isa = XCConfigurationList;
			buildConfigurations = (
				A0335ADF22D7A7A200233568 /* Debug */,
				A0335AE022D7A7A200233568 /* Release */,
			);
			defaultConfigurationIsVisible = 0;
			defaultConfigurationName = Release;
		};
/* End XCConfigurationList section */

/* Begin XCVersionGroup section */
		A0335AC522D7A75100233568 /* zinsp.xcdatamodeld */ = {
			isa = XCVersionGroup;
			children = (
				A0335AC622D7A75100233568 /* zinsp.xcdatamodel */,
			);
			currentVersion = A0335AC622D7A75100233568 /* zinsp.xcdatamodel */;
			path = zinsp.xcdatamodeld;
			sourceTree = "<group>";
			versionGroupType = wrapper.xcdatamodel;
		};
/* End XCVersionGroup section */
	};
	rootObject = A0335AB322D7A74F00233568 /* Project object */;
}
